
Microsoft Visual Studio Solution File, Format Version 12.00
# Visual Studio Version 16
VisualStudioVersion = 16.0.32228.343
MinimumVisualStudioVersion = 10.0.40219.1
Project("{FAE04EC0-301F-11D3-BF4B-00C04F79EFBC}") = "WebApp_UnitTest", "WebApp_UnitTest\WebApp_UnitTest.csproj", "{36FEC657-DD8E-4F0C-BD91-4687B35230F7}"
EndProject
Project("{FAE04EC0-301F-11D3-BF4B-00C04F79EFBC}") = "UnitTestProject1", "UnitTestProject1\UnitTestProject1.csproj", "{1B31B512-A0C5-4EDD-A6E6-B5058083FE64}"
EndProject
Global
	GlobalSection(SolutionConfigurationPlatforms) = preSolution
		Debug|Any CPU = Debug|Any CPU
		Release|Any CPU = Release|Any CPU
	EndGlobalSection
	GlobalSection(ProjectConfigurationPlatforms) = postSolution
		{36FEC657-DD8E-4F0C-BD91-4687B35230F7}.Debug|Any CPU.ActiveCfg = Debug|Any CPU
		{36FEC657-DD8E-4F0C-BD91-4687B35230F7}.Debug|Any CPU.Build.0 = Debug|Any CPU
		{36FEC657-DD8E-4F0C-BD91-4687B35230F7}.Release|Any CPU.ActiveCfg = Release|Any CPU
		{36FEC657-DD8E-4F0C-BD91-4687B35230F7}.Release|Any CPU.Build.0 = Release|Any CPU
		{1B31B512-A0C5-4EDD-A6E6-B5058083FE64}.Debug|Any CPU.ActiveCfg = Debug|Any CPU
		{1B31B512-A0C5-4EDD-A6E6-B5058083FE64}.Debug|Any CPU.Build.0 = Debug|Any CPU
		{1B31B512-A0C5-4EDD-A6E6-B5058083FE64}.Release|Any CPU.ActiveCfg = Release|Any CPU
		{1B31B512-A0C5-4EDD-A6E6-B5058083FE64}.Release|Any CPU.Build.0 = Release|Any CPU
	EndGlobalSection
	GlobalSection(SolutionProperties) = preSolution
		HideSolutionNode = FALSE
	EndGlobalSection
	GlobalSection(ExtensibilityGlobals) = postSolution
		SolutionGuid = {8D567A7D-95B8-4BE8-A534-78B4730C83FC}
	EndGlobalSection
EndGlobal
